
Microsoft Visual Studio Solution File, Format Version 12.00
# Visual Studio 15
VisualStudioVersion = 15.0.28307.705
MinimumVisualStudioVersion = 10.0.40219.1
Project("{FAE04EC0-301F-11D3-BF4B-00C04F79EFBC}") = "DigCraft", "DigCraft.csproj", "{BECA16D6-B7B6-4534-BFE9-82BC34B66476}"
EndProject
Global
	GlobalSection(SolutionConfigurationPlatforms) = preSolution
		Debug|Any CPU = Debug|Any CPU
		Debug|x64 = Debug|x64
		Release|Any CPU = Release|Any CPU
		Release|x64 = Release|x64
	EndGlobalSection
	GlobalSection(ProjectConfigurationPlatforms) = postSolution
		{BECA16D6-B7B6-4534-BFE9-82BC34B66476}.Debug|Any CPU.ActiveCfg = Debug|Any CPU
		{BECA16D6-B7B6-4534-BFE9-82BC34B66476}.Debug|Any CPU.Build.0 = Debug|Any CPU
		{BECA16D6-B7B6-4534-BFE9-82BC34B66476}.Debug|x64.ActiveCfg = Debug|x64
		{BECA16D6-B7B6-4534-BFE9-82BC34B66476}.Debug|x64.Build.0 = Debug|x64
		{BECA16D6-B7B6-4534-BFE9-82BC34B66476}.Release|Any CPU.ActiveCfg = Release|Any CPU
		{BECA16D6-B7B6-4534-BFE9-82BC34B66476}.Release|Any CPU.Build.0 = Release|Any CPU
		{BECA16D6-B7B6-4534-BFE9-82BC34B66476}.Release|x64.ActiveCfg = Release|x64
		{BECA16D6-B7B6-4534-BFE9-82BC34B66476}.Release|x64.Build.0 = Release|x64
	EndGlobalSection
	GlobalSection(SolutionProperties) = preSolution
		HideSolutionNode = FALSE
	EndGlobalSection
	GlobalSection(ExtensibilityGlobals) = postSolution
		SolutionGuid = {A7BD6C19-DFD8-43AE-AD0B-012060FD97BC}
	EndGlobalSection
EndGlobal
